{
  "name": "Logisti_files",
  "lockfileVersion": 3,
  "requires": true,
  "packages": {
    "": {
      "dependencies": {
        "icomoon": "^1.0.0"
      }
    },
    "node_modules/icomoon": {
      "version": "1.0.0",
      "resolved": "https://registry.npmjs.org/icomoon/-/icomoon-1.0.0.tgz",
      "integrity": "sha512-56xMnC6KYD7XoudBpSZ97uffL5BEoB+Ev8NvCwd1i8wd4JcZvpqiJtbbb7XwfdVHqm1A3jMu+b+J6Rm+d4yPgw=="
    }
  }
}
